Microsoft Visual Studio Solution File, Format Version 12.00
# Visual Studio Version 17
VisualStudioVersion = 17.5.2.0
MinimumVisualStudioVersion = 10.0.40219.1
Project("{FAE04EC0-301F-11D3-BF4B-00C04F79EFBC}") = "FraudApi", "FraudApi.csproj", "{18C74C57-68D9-FA3C-A43E-1FE96B87D8EC}"
EndProject
Global
	GlobalSection(SolutionConfigurationPlatforms) = preSolution
		Debug|Any CPU = Debug|Any CPU
		Release|Any CPU = Release|Any CPU
	EndGlobalSection
	GlobalSection(ProjectConfigurationPlatforms) = postSolution
		{18C74C57-68D9-FA3C-A43E-1FE96B87D8EC}.Debug|Any CPU.ActiveCfg = Debug|Any CPU
		{18C74C57-68D9-FA3C-A43E-1FE96B87D8EC}.Debug|Any CPU.Build.0 = Debug|Any CPU
		{18C74C57-68D9-FA3C-A43E-1FE96B87D8EC}.Release|Any CPU.ActiveCfg = Release|Any CPU
		{18C74C57-68D9-FA3C-A43E-1FE96B87D8EC}.Release|Any CPU.Build.0 = Release|Any CPU
	EndGlobalSection
	GlobalSection(SolutionProperties) = preSolution
		HideSolutionNode = FALSE
	EndGlobalSection
	GlobalSection(ExtensibilityGlobals) = postSolution
		SolutionGuid = {733260B0-CD69-4918-B459-E44C9C03E3A8}
	EndGlobalSection
EndGlobal
